
Microsoft Visual Studio Solution File, Format Version 12.00
# Visual Studio Version 17
VisualStudioVersion = 17.9.34701.34
MinimumVisualStudioVersion = 10.0.40219.1
Project("{FAE04EC0-301F-11D3-BF4B-00C04F79EFBC}") = "HR_sistem", "HR_sistem\HR_sistem.csproj", "{0EE031B4-4E03-4BD0-AAA0-2E9D7DB6EFF6}"
EndProject
Global
	GlobalSection(SolutionConfigurationPlatforms) = preSolution
		Debug|Any CPU = Debug|Any CPU
		Release|Any CPU = Release|Any CPU
	EndGlobalSection
	GlobalSection(ProjectConfigurationPlatforms) = postSolution
		{0EE031B4-4E03-4BD0-AAA0-2E9D7DB6EFF6}.Debug|Any CPU.ActiveCfg = Debug|Any CPU
		{0EE031B4-4E03-4BD0-AAA0-2E9D7DB6EFF6}.Debug|Any CPU.Build.0 = Debug|Any CPU
		{0EE031B4-4E03-4BD0-AAA0-2E9D7DB6EFF6}.Release|Any CPU.ActiveCfg = Release|Any CPU
		{0EE031B4-4E03-4BD0-AAA0-2E9D7DB6EFF6}.Release|Any CPU.Build.0 = Release|Any CPU
	EndGlobalSection
	GlobalSection(SolutionProperties) = preSolution
		HideSolutionNode = FALSE
	EndGlobalSection
	GlobalSection(ExtensibilityGlobals) = postSolution
		SolutionGuid = {A58974FE-00FF-44B3-B584-1C351E924685}
	EndGlobalSection
EndGlobal
